{
  "name": "universal-hooks-test",
  "version": "0.0.1",
  "lockfileVersion": 1,
  "requires": true,
  "dependencies": {
    "@rollup/plugin-alias": {
      "version": "3.1.2",
      "resolved": "https://registry.npmjs.org/@rollup/plugin-alias/-/plugin-alias-3.1.2.tgz",
      "integrity": "sha512-wzDnQ6v7CcoRzS0qVwFPrFdYA4Qlr+ookA217Y2Z3DPZE1R8jrFNM3jvGgOf6o6DMjbnQIn5lCIJgHPe1Bt3uw==",
      "requires": {
        "slash": "^3.0.0"
      }
    },
    "@saasquatch/stencil-hooks": {
      "version": "1.0.1",
      "resolved": "https://registry.npmjs.org/@saasquatch/stencil-hooks/-/stencil-hooks-1.0.1.tgz",
      "integrity": "sha512-NmRuc7y/C/Za2ftkBnKeKFmF/su/QX5JVEQobdxh+I58RWd5D6G1dUqVx7fPvrsgDNWEM3HKRtvUg3bIhMU+4A==",
      "requires": {
        "@stencil/core": "^1.17.4",
        "debug": "^4.3.1",
        "dom-context": "^1.0.1",
        "haunted": "^4.7.1"
      },
      "dependencies": {
        "@stencil/core": {
          "version": "1.17.4",
          "resolved": "https://registry.npmjs.org/@stencil/core/-/core-1.17.4.tgz",
          "integrity": "sha512-dmuNYM6fnHPvE2ptHoUBQtjcpXqrHnkDtdyUD6/JrZWcJt6jBtrykewObOxzpDCMLs+NT7668ussRagdVL03gQ==",
          "requires": {
            "typescript": "3.9.7"
          }
        }
      }
    },
    "@saasquatch/universal-hooks": {
      "version": "0.1.2",
      "resolved": "https://registry.npmjs.org/@saasquatch/universal-hooks/-/universal-hooks-0.1.2.tgz",
      "integrity": "sha512-ha+WZsgRWF6ynz6GU3MZUeLcCKnDIxuV8D1pl/pbzEN/lsPrRL+HYC17zIOMpen4/+S0gaoB6Q6DtAh4Fsd7hA=="
    },
    "@stencil/core": {
      "version": "1.17.4",
      "resolved": "https://registry.npmjs.org/@stencil/core/-/core-1.17.4.tgz",
      "integrity": "sha512-dmuNYM6fnHPvE2ptHoUBQtjcpXqrHnkDtdyUD6/JrZWcJt6jBtrykewObOxzpDCMLs+NT7668ussRagdVL03gQ==",
      "requires": {
        "typescript": "3.9.7"
      }
    },
    "debug": {
      "version": "4.3.1",
      "resolved": "https://registry.npmjs.org/debug/-/debug-4.3.1.tgz",
      "integrity": "sha512-doEwdvm4PCeK4K3RQN2ZC2BYUBaxwLARCqZmMjtF8a51J2Rb0xpVloFRnCODwqjpwnAoao4pelN8l3RJdv3gRQ==",
      "requires": {
        "ms": "2.1.2"
      }
    },
    "dom-context": {
      "version": "1.0.1",
      "resolved": "https://registry.npmjs.org/dom-context/-/dom-context-1.0.1.tgz",
      "integrity": "sha512-hMNlGxoK61LpJglVm10FIAOy8P6YFAaROgn5XzW8zDTsCYyCk0GsH5VexiBEzrCnbSY7jz5vCWj9RQtgAHznHg=="
    },
    "haunted": {
      "version": "4.7.1",
      "resolved": "https://registry.npmjs.org/haunted/-/haunted-4.7.1.tgz",
      "integrity": "sha512-bUQGPlKIAR1Ou22tjF4YgRaNaUHdeJx6T1x06h3iC7yvreHMpodO3/ixchEAU3QK1e4SjzvaFA0of0m9jiE4Kg==",
      "requires": {
        "lit-html": "^1.0.0"
      }
    },
    "lit-html": {
      "version": "1.3.0",
      "resolved": "https://registry.npmjs.org/lit-html/-/lit-html-1.3.0.tgz",
      "integrity": "sha512-0Q1bwmaFH9O14vycPHw8C/IeHMk/uSDldVLIefu/kfbTBGIc44KGH6A8p1bDfxUfHdc8q6Ct7kQklWoHgr4t1Q=="
    },
    "lodash": {
      "version": "4.17.21",
      "resolved": "https://registry.npmjs.org/lodash/-/lodash-4.17.21.tgz",
      "integrity": "sha512-v2kDEe57lecTulaDIuNTPy3Ry4gLGJ6Z1O3vE1krgXZNrsQ+LFTGHVxVjcXPs17LhbZVGedAJv8XZ1tvj5FvSg=="
    },
    "ms": {
      "version": "2.1.2",
      "resolved": "https://registry.npmjs.org/ms/-/ms-2.1.2.tgz",
      "integrity": "sha512-sGkPx+VjMtmA6MX27oA4FBFELFCZZ4S4XqeGOXCv68tT+jb3vk/RyaKWP0PTKyWtmLSM0b+adUTEvbs1PEaH2w=="
    },
    "slash": {
      "version": "3.0.0",
      "resolved": "https://registry.npmjs.org/slash/-/slash-3.0.0.tgz",
      "integrity": "sha512-g9Q1haeby36OSStwb4ntCGGGaKsaVSjQ68fBxoQcutl5fS1vuY18H3wSt3jFyFtrkx+Kz0V1G85A4MyAdDMi2Q=="
    },
    "typescript": {
      "version": "3.9.7",
      "resolved": "https://registry.npmjs.org/typescript/-/typescript-3.9.7.tgz",
      "integrity": "sha512-BLbiRkiBzAwsjut4x/dsibSTB6yWpwT5qWmC2OfuCg3GgVQCSgMs4vEctYPhsaGtd0AeuuHMkjZ2h2WG8MSzRw=="
    }
  }
}
